<?xml version="1.0" encoding="utf-8"?>
<Project ToolsVersion="4.0" xmlns:atg="http://atg.xbox.com" xmlns="http://schemas.microsoft.com/developer/msbuild/2003">
  <ItemGroup>
    <Filter Include="Resource Files">
      <UniqueIdentifier>{8e114980-c1a3-4ada-ad7c-83caadf5daeb}</UniqueIdentifier>
      <Extensions>rc;ico;cur;bmp;dlg;rc2;rct;bin;rgs;gif;jpg;jpeg;jpe</Extensions>
    </Filter>
    <Filter Include="Shaders">
      <UniqueIdentifier>{2c3d4c8c-5d1a-459a-a05a-a4e4b608a44e}</UniqueIdentifier>
      <Extensions>fx;fxh;hlsl</Extensions>
    </Filter>
    <Filter Include="Engine">
      <UniqueIdentifier>{6b07255d-da1f-45f5-8907-b4459e3cce8f}</UniqueIdentifier>
    </Filter>
    <Filter Include="Game">
      <UniqueIdentifier>{dff44885-2818-4836-86e7-81ffe69e24f8}</UniqueIdentifier>
    </Filter>
    <Filter Include="Engine\math">
      <UniqueIdentifier>{05c0262d-4670-4af3-bc34-97412fbc1f4d}</UniqueIdentifier>
    </Filter>
    <Filter Include="Collision">
      <UniqueIdentifier>{b28aaaf4-f87f-4a25-904b-cfd4f57cb56e}</UniqueIdentifier>
    </Filter>
    <Filter Include="Collision\ShapeCategory">
      <UniqueIdentifier>{0330ea63-0aa7-4b5b-98e0-2ff1b5149fa7}</UniqueIdentifier>
    </Filter>
    <Filter Include="Common">
      <UniqueIdentifier>{ce9261df-d94a-4e68-83f4-94c52852c824}</UniqueIdentifier>
    </Filter>
    <Filter Include="Engine\exception">
      <UniqueIdentifier>{fbe56c71-30fd-4a5b-9124-1f5b28cb30b4}</UniqueIdentifier>
    </Filter>
    <Filter Include="util">
      <UniqueIdentifier>{3e2e7826-5c7c-45a7-bb55-c2d52ce4d15e}</UniqueIdentifier>
    </Filter>
    <Filter Include="Engine\render">
      <UniqueIdentifier>{106e9e7e-13a7-48f2-a8f8-956482542763}</UniqueIdentifier>
    </Filter>
    <Filter Include="Engine\render\material">
      <UniqueIdentifier>{acefc96d-e514-4747-bfc9-2e5c96aa0a64}</UniqueIdentifier>
    </Filter>
    <Filter Include="Engine\render\effect">
      <UniqueIdentifier>{0d7f9157-03db-48fd-9574-c015ee6d7418}</UniqueIdentifier>
    </Filter>
    <Filter Include="Engine\shader">
      <UniqueIdentifier>{23541488-ae22-4b8e-b365-d7f7e0e19fc4}</UniqueIdentifier>
    </Filter>
    <Filter Include="Engine\effect">
      <UniqueIdentifier>{1562911d-bb92-4f4d-8299-dfa0418f224f}</UniqueIdentifier>
    </Filter>
    <Filter Include="Engine\data">
      <UniqueIdentifier>{44962ac5-fdfe-4245-bf6d-b6ce734a2c7e}</UniqueIdentifier>
    </Filter>
    <Filter Include="Engine\system">
      <UniqueIdentifier>{7edd9bc4-69ba-4cbf-ad47-f5d5b9826564}</UniqueIdentifier>
    </Filter>
    <Filter Include="Engine\shader\ShaderClass">
      <UniqueIdentifier>{dcdbafb5-7dae-4775-8012-5e25674f3f7f}</UniqueIdentifier>
    </Filter>
    <Filter Include="Engine\data\json">
      <UniqueIdentifier>{658bb9da-46b4-4947-b2c7-5787f5dd3934}</UniqueIdentifier>
    </Filter>
    <Filter Include="Engine\data\xml">
      <UniqueIdentifier>{eda2636f-02fe-4554-9f68-a177bf7c4998}</UniqueIdentifier>
    </Filter>
    <Filter Include="Engine\containers">
      <UniqueIdentifier>{d65f3ccf-1717-4f93-91bc-d91459e79e3f}</UniqueIdentifier>
    </Filter>
    <Filter Include="Engine\containers\check">
      <UniqueIdentifier>{ca9b31e9-545b-44b8-814d-bc8ecc46b84a}</UniqueIdentifier>
    </Filter>
    <Filter Include="Engine\asset">
      <UniqueIdentifier>{063db111-3662-41f2-83dd-5e8418452b92}</UniqueIdentifier>
    </Filter>
    <Filter Include="util\regex">
      <UniqueIdentifier>{fd19795d-9167-4ad8-950c-e5a2470bd912}</UniqueIdentifier>
    </Filter>
    <Filter Include="Collision\math">
      <UniqueIdentifier>{ba52cc6c-dda9-4974-8b60-a628b2c6da8b}</UniqueIdentifier>
    </Filter>
    <Filter Include="Engine\system\file">
      <UniqueIdentifier>{f750b3d9-f607-48dc-9800-686db4c9c18f}</UniqueIdentifier>
    </Filter>
    <Filter Include="Engine\system\lang">
      <UniqueIdentifier>{0afe899d-df43-41b0-8b1e-41135555fffb}</UniqueIdentifier>
    </Filter>
    <Filter Include="Engine\system\memory">
      <UniqueIdentifier>{dffb33db-8eaa-4b00-82c9-325b67d76d09}</UniqueIdentifier>
    </Filter>
    <Filter Include="Engine\system\mesh">
      <UniqueIdentifier>{8af744b8-b34c-4a0b-8b86-32a28e740689}</UniqueIdentifier>
    </Filter>
    <Filter Include="Engine\system\particle">
      <UniqueIdentifier>{cf01d03b-7541-4f90-90ae-faa253b265ca}</UniqueIdentifier>
    </Filter>
    <Filter Include="Engine\system\primitive">
      <UniqueIdentifier>{86e390eb-3eac-492d-b9c2-e9d42d155ef3}</UniqueIdentifier>
    </Filter>
    <Filter Include="Engine\system\thread">
      <UniqueIdentifier>{d3e40f82-ae39-4188-baf4-e72f443a4d06}</UniqueIdentifier>
    </Filter>
  </ItemGroup>
  <ItemGroup>
    <ClInclude Include="code\collision\shapecategory\CollisionCircle.hpp">
      <Filter>Collision\ShapeCategory</Filter>
    </ClInclude>
    <ClInclude Include="code\collision\shapecategory\CollisionLine.hpp">
      <Filter>Collision\ShapeCategory</Filter>
    </ClInclude>
    <ClInclude Include="code\collision\shapecategory\CollisionPolygon.h">
      <Filter>Collision\ShapeCategory</Filter>
    </ClInclude>
    <ClInclude Include="code\collision\shapecategory\CollisionTriangle.hpp">
      <Filter>Collision\ShapeCategory</Filter>
    </ClInclude>
    <ClInclude Include="code\collision\CollisionShape.hpp">
      <Filter>Collision</Filter>
    </ClInclude>
    <ClInclude Include="code\collision\CollisionWorld.hpp">
      <Filter>Collision</Filter>
    </ClInclude>
    <ClInclude Include="code\common\CommonDef.hpp">
      <Filter>Common</Filter>
    </ClInclude>
    <ClInclude Include="code\common\CommonDxSupport.hpp">
      <Filter>Common</Filter>
    </ClInclude>
    <ClInclude Include="code\common\CommonFunction.hpp">
      <Filter>Common</Filter>
    </ClInclude>
    <ClInclude Include="code\common\CommonHelper.hpp">
      <Filter>Common</Filter>
    </ClInclude>
    <ClInclude Include="code\common\CommonTemplates.hpp">
      <Filter>Common</Filter>
    </ClInclude>
    <ClInclude Include="code\common\CommonUtil.hpp">
      <Filter>Common</Filter>
    </ClInclude>
    <ClInclude Include="code\engine\data\BonesBindData.hpp">
      <Filter>Engine\data</Filter>
    </ClInclude>
    <ClInclude Include="code\engine\data\TgaData.hpp">
      <Filter>Engine\data</Filter>
    </ClInclude>
    <ClInclude Include="code\engine\data\TgaLoader.hpp">
      <Filter>Engine\data</Filter>
    </ClInclude>
    <ClInclude Include="code\engine\data\vertex.hpp">
      <Filter>Engine\data</Filter>
    </ClInclude>
    <ClInclude Include="code\engine\effect\DepthField.hpp">
      <Filter>Engine\effect</Filter>
    </ClInclude>
    <ClInclude Include="code\engine\effect\DepthMap.hpp">
      <Filter>Engine\effect</Filter>
    </ClInclude>
    <ClInclude Include="code\engine\effect\EffectClass.hpp">
      <Filter>Engine\effect</Filter>
    </ClInclude>
    <ClInclude Include="code\engine\effect\GlowEffect.hpp">
      <Filter>Engine\effect</Filter>
    </ClInclude>
    <ClInclude Include="code\engine\effect\HighlightExtractor.hpp">
      <Filter>Engine\effect</Filter>
    </ClInclude>
    <ClInclude Include="code\engine\effect\HorizontalBlur.hpp">
      <Filter>Engine\effect</Filter>
    </ClInclude>
    <ClInclude Include="code\engine\effect\ProjectTexture.hpp">
      <Filter>Engine\effect</Filter>
    </ClInclude>
    <ClInclude Include="code\engine\effect\ShadowMap.hpp">
      <Filter>Engine\effect</Filter>
    </ClInclude>
    <ClInclude Include="code\engine\effect\VerticalBlur.hpp">
      <Filter>Engine\effect</Filter>
    </ClInclude>
    <ClInclude Include="code\engine\effect\VHBlurClass.hpp">
      <Filter>Engine\effect</Filter>
    </ClInclude>
    <ClInclude Include="code\engine\effect\Fog.hpp">
      <Filter>Engine\effect</Filter>
    </ClInclude>
    <ClInclude Include="code\DayNightClass.hpp" />
    <ClInclude Include="code\Resource.h" />
    <ClInclude Include="code\collision\shapecategory\CollisionRectangle.hpp">
      <Filter>Collision\ShapeCategory</Filter>
    </ClInclude>
    <ClInclude Include="code\engine\system\RenderComponents.hpp" />
    <ClInclude Include="code\util\any.hpp">
      <Filter>util</Filter>
    </ClInclude>
    <ClInclude Include="code\engine\exception\MemoryException.hpp">
      <Filter>Engine\exception</Filter>
    </ClInclude>
    <ClInclude Include="code\engine\exception\ParamException.hpp">
      <Filter>Engine\exception</Filter>
    </ClInclude>
    <ClInclude Include="code\aMazingScene.hpp" />
    <ClInclude Include="code\WrappedCamera.hpp" />
    <ClInclude Include="code\MazeGenerator.hpp" />
    <ClInclude Include="code\Maze.hpp" />
    <ClInclude Include="code\collision\CollisionIntersection.hpp">
      <Filter>Collision</Filter>
    </ClInclude>
    <ClInclude Include="code\engine\render\CommonPipeLine.hpp">
      <Filter>Engine\render</Filter>
    </ClInclude>
    <ClInclude Include="code\engine\render\material\MaterialPipeline.hpp">
      <Filter>Engine\render\material</Filter>
    </ClInclude>
    <ClInclude Include="code\engine\render\effect\RenderPipeline.hpp">
      <Filter>Engine\render\effect</Filter>
    </ClInclude>
    <ClInclude Include="Shader\Buffers.hlsl">
      <Filter>Shaders</Filter>
    </ClInclude>
    <ClInclude Include="code\engine\shader\ShaderInclude.hpp">
      <Filter>Engine\shader</Filter>
    </ClInclude>
    <ClInclude Include="code\engine\shader\ShaderManager.hpp">
      <Filter>Engine\shader</Filter>
    </ClInclude>
    <ClInclude Include="code\engine\shader\ShaderPair.hpp">
      <Filter>Engine\shader</Filter>
    </ClInclude>
    <ClInclude Include="code\engine\shader\ShaderClassInstance.hpp">
      <Filter>Engine\shader</Filter>
    </ClInclude>
    <ClInclude Include="code\engine\shader\ShaderObject.hpp">
      <Filter>Engine\shader</Filter>
    </ClInclude>
    <ClInclude Include="code\engine\shader\PixelShaderObject.hpp">
      <Filter>Engine\shader</Filter>
    </ClInclude>
    <ClInclude Include="code\engine\shader\VertexShaderObject.hpp">
      <Filter>Engine\shader</Filter>
    </ClInclude>
    <ClInclude Include="code\engine\exception\CommonException.hpp">
      <Filter>Engine\exception</Filter>
    </ClInclude>
    <ClInclude Include="code\engine\exception\FailureException.hpp">
      <Filter>Engine\exception</Filter>
    </ClInclude>
    <ClInclude Include="code\engine\shader\ShaderVariable.hpp">
      <Filter>Engine\shader</Filter>
    </ClInclude>
    <ClInclude Include="code\engine\shader\shaderclass\cAmbientLight.hpp">
      <Filter>Engine\shader\ShaderClass</Filter>
    </ClInclude>
    <ClInclude Include="code\engine\shader\shaderclass\cBaseMaterial.hpp">
      <Filter>Engine\shader\ShaderClass</Filter>
    </ClInclude>
    <ClInclude Include="code\engine\shader\shaderclass\cDirectionalLight.hpp">
      <Filter>Engine\shader\ShaderClass</Filter>
    </ClInclude>
    <ClInclude Include="code\engine\shader\shaderclass\cEnvironmentLight.hpp">
      <Filter>Engine\shader\ShaderClass</Filter>
    </ClInclude>
    <ClInclude Include="code\engine\shader\shaderclass\cHemiAmbientLight.hpp">
      <Filter>Engine\shader\ShaderClass</Filter>
    </ClInclude>
    <ClInclude Include="code\engine\shader\shaderclass\cOmniLight.hpp">
      <Filter>Engine\shader\ShaderClass</Filter>
    </ClInclude>
    <ClInclude Include="code\engine\shader\shaderclass\cRoughMaterial.hpp">
      <Filter>Engine\shader\ShaderClass</Filter>
    </ClInclude>
    <ClInclude Include="code\engine\shader\shaderclass\cRoughTexturedMaterial.hpp">
      <Filter>Engine\shader\ShaderClass</Filter>
    </ClInclude>
    <ClInclude Include="code\engine\shader\shaderclass\cSmoothLightingOnlyMaterial.hpp">
      <Filter>Engine\shader\ShaderClass</Filter>
    </ClInclude>
    <ClInclude Include="code\engine\shader\shaderclass\cSmoothMaterial.hpp">
      <Filter>Engine\shader\ShaderClass</Filter>
    </ClInclude>
    <ClInclude Include="code\engine\shader\shaderclass\cSmoothTexturedMaterial.hpp">
      <Filter>Engine\shader\ShaderClass</Filter>
    </ClInclude>
    <ClInclude Include="code\engine\shader\shaderclass\cSpotLight.hpp">
      <Filter>Engine\shader\ShaderClass</Filter>
    </ClInclude>
    <ClInclude Include="code\engine\math\amath.hpp">
      <Filter>Engine\math</Filter>
    </ClInclude>
    <ClInclude Include="code\engine\math\amatrix.hpp">
      <Filter>Engine\math</Filter>
    </ClInclude>
    <ClInclude Include="code\engine\math\autil.hpp">
      <Filter>Engine\math</Filter>
    </ClInclude>
    <ClInclude Include="code\engine\math\avector.hpp">
      <Filter>Engine\math</Filter>
    </ClInclude>
    <ClInclude Include="code\engine\data\json\aJsonData.hpp">
      <Filter>Engine\data\json</Filter>
    </ClInclude>
    <ClInclude Include="code\engine\data\json\aJsonHelper.hpp">
      <Filter>Engine\data\json</Filter>
    </ClInclude>
    <ClInclude Include="code\engine\data\json\aJsonParser.hpp">
      <Filter>Engine\data\json</Filter>
    </ClInclude>
    <ClInclude Include="code\engine\data\xml\aXmlData.hpp">
      <Filter>Engine\data\xml</Filter>
    </ClInclude>
    <ClInclude Include="code\engine\data\xml\aXmlHelper.hpp">
      <Filter>Engine\data\xml</Filter>
    </ClInclude>
    <ClInclude Include="code\engine\data\xml\aXmlParser.hpp">
      <Filter>Engine\data\xml</Filter>
    </ClInclude>
    <ClInclude Include="code\engine\Config.hpp">
      <Filter>Engine</Filter>
    </ClInclude>
    <ClInclude Include="code\engine\containers\check\Common.hpp">
      <Filter>Engine\containers\check</Filter>
    </ClInclude>
    <ClInclude Include="code\engine\containers\check\Insertable.hpp">
      <Filter>Engine\containers\check</Filter>
    </ClInclude>
    <ClInclude Include="code\engine\containers\Iterator.hpp">
      <Filter>Engine\containers</Filter>
    </ClInclude>
    <ClInclude Include="code\engine\containers\String.hpp">
      <Filter>Engine\containers</Filter>
    </ClInclude>
    <ClInclude Include="code\engine\containers\Vector.hpp">
      <Filter>Engine\containers</Filter>
    </ClInclude>
    <ClInclude Include="code\engine\containers\CommonContainer.hpp">
      <Filter>Engine\containers</Filter>
    </ClInclude>
    <ClInclude Include="code\engine\containers\VirtualString.hpp">
      <Filter>Engine\containers</Filter>
    </ClInclude>
    <ClInclude Include="code\engine\containers\check\CharLike.hpp">
      <Filter>Engine\containers\check</Filter>
    </ClInclude>
    <ClInclude Include="code\engine\shader\ShaderCompiler.hpp">
      <Filter>Engine\shader</Filter>
    </ClInclude>
    <ClInclude Include="code\engine\containers\Directory.hpp">
      <Filter>Engine\containers</Filter>
    </ClInclude>
    <ClInclude Include="code\engine\containers\MutableString.hpp">
      <Filter>Engine\containers</Filter>
    </ClInclude>
    <ClInclude Include="code\engine\shader\ShaderLiteral.hpp">
      <Filter>Engine\shader</Filter>
    </ClInclude>
    <ClInclude Include="code\engine\render\RenderStateManager.hpp">
      <Filter>Engine\render</Filter>
    </ClInclude>
    <ClInclude Include="code\engine\asset\AnimEvaluator.hpp">
      <Filter>Engine\asset</Filter>
    </ClInclude>
    <ClInclude Include="code\engine\asset\ModelObject.hpp">
      <Filter>Engine\asset</Filter>
    </ClInclude>
    <ClInclude Include="code\engine\asset\SceneAnimator.hpp">
      <Filter>Engine\asset</Filter>
    </ClInclude>
    <ClInclude Include="code\engine\asset\SceneAnimNode.hpp">
      <Filter>Engine\asset</Filter>
    </ClInclude>
    <ClInclude Include="code\util\regex\regex.hpp">
      <Filter>util\regex</Filter>
    </ClInclude>
    <ClInclude Include="code\util\regex\DFA.hpp">
      <Filter>util\regex</Filter>
    </ClInclude>
    <ClInclude Include="code\util\regex\NFA.hpp">
      <Filter>util\regex</Filter>
    </ClInclude>
    <ClInclude Include="code\util\regex\Nodes.hpp">
      <Filter>util\regex</Filter>
    </ClInclude>
    <ClInclude Include="code\util\regex\FSM.hpp">
      <Filter>util\regex</Filter>
    </ClInclude>
    <ClInclude Include="code\util\dynamic_matrix.hpp">
      <Filter>util</Filter>
    </ClInclude>
    <ClInclude Include="code\engine\data\xml\aXmlConfig.hpp">
      <Filter>Engine\data\xml</Filter>
    </ClInclude>
    <ClInclude Include="code\engine\LoadConfig.hpp">
      <Filter>Engine</Filter>
    </ClInclude>
    <ClInclude Include="code\collision\math\Math2D.hpp">
      <Filter>Collision\math</Filter>
    </ClInclude>
    <ClInclude Include="code\collision\math\Math3D.hpp">
      <Filter>Collision\math</Filter>
    </ClInclude>
    <ClInclude Include="code\engine\font\font.hpp" />
    <ClInclude Include="code\engine\render\FrameSemantic.hpp">
      <Filter>Engine\render</Filter>
    </ClInclude>
    <ClInclude Include="code\engine\render\RenderProcedure.hpp">
      <Filter>Engine\render</Filter>
    </ClInclude>
    <ClInclude Include="code\engine\render\RenderStep.hpp">
      <Filter>Engine\render</Filter>
    </ClInclude>
    <ClInclude Include="code\engine\system\BasicObject.hpp">
      <Filter>Engine\system</Filter>
    </ClInclude>
    <ClInclude Include="code\engine\system\CameraClass.hpp">
      <Filter>Engine\system</Filter>
    </ClInclude>
    <ClInclude Include="code\engine\system\D3DManager.hpp">
      <Filter>Engine\system</Filter>
    </ClInclude>
    <ClInclude Include="code\engine\system\FrameBuffer.hpp">
      <Filter>Engine\system</Filter>
    </ClInclude>
    <ClInclude Include="code\engine\system\FrustumClass.hpp">
      <Filter>Engine\system</Filter>
    </ClInclude>
    <ClInclude Include="code\engine\system\GlobalWindow.hpp">
      <Filter>Engine\system</Filter>
    </ClInclude>
    <ClInclude Include="code\engine\system\GPUConstantBuffer.hpp">
      <Filter>Engine\system</Filter>
    </ClInclude>
    <ClInclude Include="code\engine\system\InputClass.hpp">
      <Filter>Engine\system</Filter>
    </ClInclude>
    <ClInclude Include="code\engine\system\InstanceObj.hpp">
      <Filter>Engine\system</Filter>
    </ClInclude>
    <ClInclude Include="code\engine\system\LightEnum.hpp">
      <Filter>Engine\system</Filter>
    </ClInclude>
    <ClInclude Include="code\engine\system\Lightning.hpp">
      <Filter>Engine\system</Filter>
    </ClInclude>
    <ClInclude Include="code\engine\system\ManagedTypes.hpp">
      <Filter>Engine\system</Filter>
    </ClInclude>
    <ClInclude Include="code\engine\system\MaterialType.hpp">
      <Filter>Engine\system</Filter>
    </ClInclude>
    <ClInclude Include="code\engine\system\ScopeGuard.hpp">
      <Filter>Engine\system</Filter>
    </ClInclude>
    <ClInclude Include="code\engine\system\SoundClass.hpp">
      <Filter>Engine\system</Filter>
    </ClInclude>
    <ClInclude Include="code\engine\system\TextureManager.hpp">
      <Filter>Engine\system</Filter>
    </ClInclude>
    <ClInclude Include="code\engine\system\TextureObject.hpp">
      <Filter>Engine\system</Filter>
    </ClInclude>
    <ClInclude Include="code\engine\system\TimeService.hpp">
      <Filter>Engine\system</Filter>
    </ClInclude>
    <ClInclude Include="code\engine\system\file\FileSystem.hpp">
      <Filter>Engine\system\file</Filter>
    </ClInclude>
    <ClInclude Include="code\engine\system\lang\aNoCopyable.hpp">
      <Filter>Engine\system\lang</Filter>
    </ClInclude>
    <ClInclude Include="code\engine\system\lang\aNoDefaultConstructor.hpp">
      <Filter>Engine\system\lang</Filter>
    </ClInclude>
    <ClInclude Include="code\engine\system\memory\Memory.hpp">
      <Filter>Engine\system\memory</Filter>
    </ClInclude>
    <ClInclude Include="code\engine\system\mesh\BaseMesh.hpp">
      <Filter>Engine\system\mesh</Filter>
    </ClInclude>
    <ClInclude Include="code\engine\system\mesh\MutableMesh.hpp">
      <Filter>Engine\system\mesh</Filter>
    </ClInclude>
    <ClInclude Include="code\engine\system\mesh\StaticMesh.hpp">
      <Filter>Engine\system\mesh</Filter>
    </ClInclude>
    <ClInclude Include="code\engine\system\primitive\BlockClass.hpp">
      <Filter>Engine\system\primitive</Filter>
    </ClInclude>
    <ClInclude Include="code\engine\system\primitive\PrimitivePipeline.hpp">
      <Filter>Engine\system\primitive</Filter>
    </ClInclude>
    <ClInclude Include="code\engine\system\primitive\RectangleObject.hpp">
      <Filter>Engine\system\primitive</Filter>
    </ClInclude>
    <ClInclude Include="code\engine\system\thread\aAtomicObject.hpp">
      <Filter>Engine\system\thread</Filter>
    </ClInclude>
    <ClInclude Include="code\engine\system\thread\aThreadSafeSingleton.hpp">
      <Filter>Engine\system\thread</Filter>
    </ClInclude>
    <ClInclude Include="code\engine\system\particle\ParticleObject.hpp">
      <Filter>Engine\system\particle</Filter>
    </ClInclude>
    <ClInclude Include="code\engine\system\LineClass.hpp">
      <Filter>Engine\system\primitive</Filter>
    </ClInclude>
    <ClInclude Include="code\engine\system\mesh\GPUMutableVerticesBuffer.hpp">
      <Filter>Engine\system\mesh</Filter>
    </ClInclude>
    <ClInclude Include="code\engine\system\mesh\GPUVerticesBuffer.hpp">
      <Filter>Engine\system\mesh</Filter>
    </ClInclude>
  </ItemGroup>
  <ItemGroup>
    <ClCompile Include="code\collision\CollisionIntersection.cpp">
      <Filter>Collision</Filter>
    </ClCompile>
    <ClCompile Include="code\common\CommonFunction.cpp">
      <Filter>Common</Filter>
    </ClCompile>
    <ClCompile Include="code\aMazing.cpp" />
    <ClCompile Include="code\aMazingScene.cpp" />
    <ClCompile Include="code\Maze.cpp" />
    <ClCompile Include="code\MazeGenerator.cpp" />
    <ClCompile Include="code\WrappedCamera.cpp" />
    <ClCompile Include="code\engine\shader\ShaderCompiler.cpp">
      <Filter>Engine\shader</Filter>
    </ClCompile>
    <ClCompile Include="code\engine\containers\Directory.cpp">
      <Filter>Engine\containers</Filter>
    </ClCompile>
    <ClCompile Include="code\engine\containers\MutableString.cpp">
      <Filter>Engine\containers</Filter>
    </ClCompile>
    <ClCompile Include="code\engine\shader\ShaderLiteral.cpp">
      <Filter>Engine\shader</Filter>
    </ClCompile>
    <ClCompile Include="code\engine\data\vertex.cpp">
      <Filter>Engine\data</Filter>
    </ClCompile>
    <ClCompile Include="code\engine\asset\ModelObject.cpp">
      <Filter>Engine\asset</Filter>
    </ClCompile>
    <ClCompile Include="code\engine\data\xml\aXmlData.cpp">
      <Filter>Engine\data\xml</Filter>
    </ClCompile>
    <ClCompile Include="code\engine\data\xml\aXmlParser.cpp">
      <Filter>Engine\data\xml</Filter>
    </ClCompile>
    <ClCompile Include="code\collision\math\Math2D.cpp">
      <Filter>Collision\math</Filter>
    </ClCompile>
    <ClCompile Include="code\collision\math\Math3D.cpp">
      <Filter>Collision\math</Filter>
    </ClCompile>
    <ClCompile Include="code\engine\math\amatrix.cpp">
      <Filter>Engine\math</Filter>
    </ClCompile>
    <ClCompile Include="code\engine\math\avector.cpp">
      <Filter>Engine\math</Filter>
    </ClCompile>
    <ClCompile Include="code\engine\system\BasicObject.cpp">
      <Filter>Engine\system</Filter>
    </ClCompile>
    <ClCompile Include="code\engine\system\CameraClass.cpp">
      <Filter>Engine\system</Filter>
    </ClCompile>
    <ClCompile Include="code\engine\system\D3DManager.cpp">
      <Filter>Engine\system</Filter>
    </ClCompile>
    <ClCompile Include="code\engine\system\FrustumClass.cpp">
      <Filter>Engine\system</Filter>
    </ClCompile>
    <ClCompile Include="code\engine\system\InputClass.cpp">
      <Filter>Engine\system</Filter>
    </ClCompile>
    <ClCompile Include="code\engine\system\SoundClass.cpp">
      <Filter>Engine\system</Filter>
    </ClCompile>
    <ClCompile Include="code\engine\system\TextureManager.cpp">
      <Filter>Engine\system</Filter>
    </ClCompile>
    <ClCompile Include="code\engine\system\TextureObject.cpp">
      <Filter>Engine\system</Filter>
    </ClCompile>
    <ClCompile Include="code\engine\system\TimeService.cpp">
      <Filter>Engine\system</Filter>
    </ClCompile>
    <ClCompile Include="code\engine\system\primitive\LineClass.cpp">
      <Filter>Engine\system\primitive</Filter>
    </ClCompile>
  </ItemGroup>
  <ItemGroup>
    <CLInclude Include="resource.h">
      <Filter>Resource Files</Filter>
    </CLInclude>
    <ResourceCompile Include="aMazing.rc">
      <Filter>Resource Files</Filter>
    </ResourceCompile>
  </ItemGroup>
  <ItemGroup>
    <None Include="Shader\vblur\vblur.fx">
      <Filter>Shaders</Filter>
    </None>
    <None Include="Shader\DepthField\DepthFieldMerge.fx">
      <Filter>Shaders</Filter>
    </None>
    <None Include="Shader\depthMap\depthMap.fx">
      <Filter>Shaders</Filter>
    </None>
    <None Include="Shader\Glow\GlowMerge.fx">
      <Filter>Shaders</Filter>
    </None>
    <None Include="Shader\hblur\hblur.fx">
      <Filter>Shaders</Filter>
    </None>
    <None Include="Shader\HighLight\HighLight.fx">
      <Filter>Shaders</Filter>
    </None>
    <None Include="Shader\depthMap\lightDepthMap.fx">
      <Filter>Shaders</Filter>
    </None>
    <None Include="Shader\wires\line.fx">
      <Filter>Shaders</Filter>
    </None>
    <None Include="Shader\texture\ProjectionTex.fx">
      <Filter>Shaders</Filter>
    </None>
    <None Include="Shader\ShadowMap\shadowMap.fx">
      <Filter>Shaders</Filter>
    </None>
    <None Include="Shader\Basic2D.fx">
      <Filter>Shaders</Filter>
    </None>
    <None Include="Shader\Basic3D.fx">
      <Filter>Shaders</Filter>
    </None>
    <None Include="Shader\skinAnim\skinAnim.fx">
      <Filter>Shaders</Filter>
    </None>
    <None Include="code\engine\render\material\BRIEF">
      <Filter>Engine\render\material</Filter>
    </None>
    <None Include="code\engine\render\effect\BRIEF">
      <Filter>Engine\render\effect</Filter>
    </None>
    <None Include="Shader\LightPsh.hlsl">
      <Filter>Shaders</Filter>
    </None>
    <None Include="Shader\LightImpl.hlsl">
      <Filter>Shaders</Filter>
    </None>
    <None Include="Shader\MaterialPsh.hlsl">
      <Filter>Shaders</Filter>
    </None>
    <None Include="Shader\MaterialImpl.hlsl">
      <Filter>Shaders</Filter>
    </None>
    <None Include="Shader\GlobalVars.hlsl">
      <Filter>Shaders</Filter>
    </None>
  </ItemGroup>
</Project>