<?xml version="1.0" encoding="utf-8"?>
<Project ToolsVersion="4.0" xmlns:atg="http://atg.xbox.com" xmlns="http://schemas.microsoft.com/developer/msbuild/2003">
  <ItemGroup>
    <Filter Include="Resource Files">
      <UniqueIdentifier>{8e114980-c1a3-4ada-ad7c-83caadf5daeb}</UniqueIdentifier>
      <Extensions>rc;ico;cur;bmp;dlg;rc2;rct;bin;rgs;gif;jpg;jpeg;jpe</Extensions>
    </Filter>
    <Filter Include="Shaders">
      <UniqueIdentifier>{2c3d4c8c-5d1a-459a-a05a-a4e4b608a44e}</UniqueIdentifier>
      <Extensions>fx;fxh;hlsl</Extensions>
    </Filter>
    <Filter Include="Engine">
      <UniqueIdentifier>{6b07255d-da1f-45f5-8907-b4459e3cce8f}</UniqueIdentifier>
    </Filter>
    <Filter Include="Game">
      <UniqueIdentifier>{dff44885-2818-4836-86e7-81ffe69e24f8}</UniqueIdentifier>
    </Filter>
    <Filter Include="Engine\Effect">
      <UniqueIdentifier>{1562911d-bb92-4f4d-8299-dfa0418f224f}</UniqueIdentifier>
    </Filter>
    <Filter Include="Engine\System">
      <UniqueIdentifier>{7edd9bc4-69ba-4cbf-ad47-f5d5b9826564}</UniqueIdentifier>
    </Filter>
    <Filter Include="Engine\math">
      <UniqueIdentifier>{05c0262d-4670-4af3-bc34-97412fbc1f4d}</UniqueIdentifier>
    </Filter>
    <Filter Include="Engine\Animate">
      <UniqueIdentifier>{063db111-3662-41f2-83dd-5e8418452b92}</UniqueIdentifier>
    </Filter>
    <Filter Include="Collision">
      <UniqueIdentifier>{b28aaaf4-f87f-4a25-904b-cfd4f57cb56e}</UniqueIdentifier>
    </Filter>
    <Filter Include="Collision\ShapeCategory">
      <UniqueIdentifier>{0330ea63-0aa7-4b5b-98e0-2ff1b5149fa7}</UniqueIdentifier>
    </Filter>
    <Filter Include="Common">
      <UniqueIdentifier>{ce9261df-d94a-4e68-83f4-94c52852c824}</UniqueIdentifier>
    </Filter>
    <Filter Include="Engine\Data">
      <UniqueIdentifier>{44962ac5-fdfe-4245-bf6d-b6ce734a2c7e}</UniqueIdentifier>
    </Filter>
    <Filter Include="Engine\exception">
      <UniqueIdentifier>{fbe56c71-30fd-4a5b-9124-1f5b28cb30b4}</UniqueIdentifier>
    </Filter>
    <Filter Include="Engine\material">
      <UniqueIdentifier>{f27cdde6-baab-4f7b-b631-e00299fcb095}</UniqueIdentifier>
    </Filter>
    <Filter Include="Engine\render">
      <UniqueIdentifier>{c85d85ba-6998-477e-87d2-58a8c5d8a512}</UniqueIdentifier>
    </Filter>
    <Filter Include="util">
      <UniqueIdentifier>{3e2e7826-5c7c-45a7-bb55-c2d52ce4d15e}</UniqueIdentifier>
    </Filter>
  </ItemGroup>
  <ItemGroup>
    <ClInclude Include="code\collision\shapecategory\CollisionCircle.hpp">
      <Filter>Collision\ShapeCategory</Filter>
    </ClInclude>
    <ClInclude Include="code\collision\shapecategory\CollisionLine.hpp">
      <Filter>Collision\ShapeCategory</Filter>
    </ClInclude>
    <ClInclude Include="code\collision\shapecategory\CollisionPolygon.h">
      <Filter>Collision\ShapeCategory</Filter>
    </ClInclude>
    <ClInclude Include="code\collision\shapecategory\CollisionTriangle.hpp">
      <Filter>Collision\ShapeCategory</Filter>
    </ClInclude>
    <ClInclude Include="code\collision\CollisionIntersection.h">
      <Filter>Collision</Filter>
    </ClInclude>
    <ClInclude Include="code\collision\CollisionShape.hpp">
      <Filter>Collision</Filter>
    </ClInclude>
    <ClInclude Include="code\collision\CollisionWorld.hpp">
      <Filter>Collision</Filter>
    </ClInclude>
    <ClInclude Include="code\common\CommonDef.hpp">
      <Filter>Common</Filter>
    </ClInclude>
    <ClInclude Include="code\common\CommonDxSupport.hpp">
      <Filter>Common</Filter>
    </ClInclude>
    <ClInclude Include="code\common\CommonFunction.hpp">
      <Filter>Common</Filter>
    </ClInclude>
    <ClInclude Include="code\common\CommonHelper.hpp">
      <Filter>Common</Filter>
    </ClInclude>
    <ClInclude Include="code\common\CommonTemplates.hpp">
      <Filter>Common</Filter>
    </ClInclude>
    <ClInclude Include="code\common\CommonUtil.hpp">
      <Filter>Common</Filter>
    </ClInclude>
    <ClInclude Include="code\engine\animate\AnimEvaluator.hpp">
      <Filter>Engine\Animate</Filter>
    </ClInclude>
    <ClInclude Include="code\engine\animate\SceneAnimator.hpp">
      <Filter>Engine\Animate</Filter>
    </ClInclude>
    <ClInclude Include="code\engine\animate\SceneAnimNode.hpp">
      <Filter>Engine\Animate</Filter>
    </ClInclude>
    <ClInclude Include="code\engine\data\BonesBindData.hpp">
      <Filter>Engine\Data</Filter>
    </ClInclude>
    <ClInclude Include="code\engine\data\TgaData.hpp">
      <Filter>Engine\Data</Filter>
    </ClInclude>
    <ClInclude Include="code\engine\data\TgaLoader.hpp">
      <Filter>Engine\Data</Filter>
    </ClInclude>
    <ClInclude Include="code\engine\data\vertex.hpp">
      <Filter>Engine\Data</Filter>
    </ClInclude>
    <ClInclude Include="code\engine\effect\DepthField.hpp">
      <Filter>Engine\Effect</Filter>
    </ClInclude>
    <ClInclude Include="code\engine\effect\DepthMap.hpp">
      <Filter>Engine\Effect</Filter>
    </ClInclude>
    <ClInclude Include="code\engine\effect\EffectClass.hpp">
      <Filter>Engine\Effect</Filter>
    </ClInclude>
    <ClInclude Include="code\engine\effect\GlowEffect.hpp">
      <Filter>Engine\Effect</Filter>
    </ClInclude>
    <ClInclude Include="code\engine\effect\HighlightExtractor.hpp">
      <Filter>Engine\Effect</Filter>
    </ClInclude>
    <ClInclude Include="code\engine\effect\HorizontalBlur.hpp">
      <Filter>Engine\Effect</Filter>
    </ClInclude>
    <ClInclude Include="code\engine\effect\ProjectTexture.hpp">
      <Filter>Engine\Effect</Filter>
    </ClInclude>
    <ClInclude Include="code\engine\effect\ShadowMap.hpp">
      <Filter>Engine\Effect</Filter>
    </ClInclude>
    <ClInclude Include="code\engine\effect\VerticalBlur.hpp">
      <Filter>Engine\Effect</Filter>
    </ClInclude>
    <ClInclude Include="code\engine\effect\VHBlurClass.hpp">
      <Filter>Engine\Effect</Filter>
    </ClInclude>
    <ClInclude Include="code\engine\effect\Fog.hpp">
      <Filter>Engine\Effect</Filter>
    </ClInclude>
    <ClInclude Include="code\engine\system\BasicPrimitive.hpp">
      <Filter>Engine\System</Filter>
    </ClInclude>
    <ClInclude Include="code\engine\system\BlockClass.hpp">
      <Filter>Engine\System</Filter>
    </ClInclude>
    <ClInclude Include="code\engine\system\Defines.hpp">
      <Filter>Engine\System</Filter>
    </ClInclude>
    <ClInclude Include="code\engine\system\FunctionType.hpp">
      <Filter>Engine\System</Filter>
    </ClInclude>
    <ClInclude Include="code\engine\system\GPUConstantBuffer.hpp">
      <Filter>Engine\System</Filter>
    </ClInclude>
    <ClInclude Include="code\engine\system\GPUMutableVerticesBuffer.hpp">
      <Filter>Engine\System</Filter>
    </ClInclude>
    <ClInclude Include="code\engine\system\GPUVerticesBuffer.hpp">
      <Filter>Engine\System</Filter>
    </ClInclude>
    <ClInclude Include="code\engine\system\InstanceObj.hpp">
      <Filter>Engine\System</Filter>
    </ClInclude>
    <ClInclude Include="code\engine\system\MaterialType.hpp">
      <Filter>Engine\System</Filter>
    </ClInclude>
    <ClInclude Include="code\engine\system\MutableMesh.hpp">
      <Filter>Engine\System</Filter>
    </ClInclude>
    <ClInclude Include="code\engine\system\ScopeGuard.hpp">
      <Filter>Engine\System</Filter>
    </ClInclude>
    <ClInclude Include="code\engine\system\StaticMesh.hpp">
      <Filter>Engine\System</Filter>
    </ClInclude>
    <ClInclude Include="code\engine\system\TimeService.hpp">
      <Filter>Engine\System</Filter>
    </ClInclude>
    <ClInclude Include="code\DayNightClass.hpp" />
    <ClInclude Include="code\Resource.h" />
    <ClInclude Include="code\collision\shapecategory\CollisionRectangle.hpp">
      <Filter>Collision\ShapeCategory</Filter>
    </ClInclude>
    <ClInclude Include="code\engine\material\MaterialPipeline.hpp">
      <Filter>Engine\material</Filter>
    </ClInclude>
    <ClInclude Include="code\engine\render\RenderPipeline.hpp">
      <Filter>Engine\render</Filter>
    </ClInclude>
    <ClInclude Include="code\engine\system\RenderComponents.hpp" />
    <ClInclude Include="code\util\any.hpp">
      <Filter>util</Filter>
    </ClInclude>
    <ClInclude Include="code\engine\animate\ModelClass.hpp">
      <Filter>Engine\Animate</Filter>
    </ClInclude>
    <ClInclude Include="code\engine\exception\MemoryException.hpp">
      <Filter>Engine\exception</Filter>
    </ClInclude>
    <ClInclude Include="code\engine\exception\ParamException.hpp">
      <Filter>Engine\exception</Filter>
    </ClInclude>
    <ClInclude Include="code\engine\system\LineClass.hpp">
      <Filter>Engine\System</Filter>
    </ClInclude>
    <ClInclude Include="code\engine\system\MutableString.hpp">
      <Filter>Engine\System</Filter>
    </ClInclude>
    <ClInclude Include="code\engine\system\ParticleClass.hpp">
      <Filter>Engine\System</Filter>
    </ClInclude>
    <ClInclude Include="code\engine\system\ShaderCompilerClass.hpp">
      <Filter>Engine\System</Filter>
    </ClInclude>
    <ClInclude Include="code\engine\system\ShaderClass.hpp">
      <Filter>Engine\System</Filter>
    </ClInclude>
    <ClInclude Include="code\engine\system\PrimitivePipeline.hpp">
      <Filter>Engine\System</Filter>
    </ClInclude>
    <ClInclude Include="code\engine\system\PixelShaderClass.hpp">
      <Filter>Engine\System</Filter>
    </ClInclude>
    <ClInclude Include="code\engine\system\RectangleClass.hpp">
      <Filter>Engine\System</Filter>
    </ClInclude>
    <ClInclude Include="code\engine\system\ShaderManager.hpp">
      <Filter>Engine\System</Filter>
    </ClInclude>
    <ClInclude Include="code\engine\system\TextureManager.hpp">
      <Filter>Engine\System</Filter>
    </ClInclude>
    <ClInclude Include="code\engine\system\TextureClass.hpp">
      <Filter>Engine\System</Filter>
    </ClInclude>
    <ClInclude Include="code\engine\system\SoundClass.hpp">
      <Filter>Engine\System</Filter>
    </ClInclude>
    <ClInclude Include="code\engine\system\ShaderPair.hpp">
      <Filter>Engine\System</Filter>
    </ClInclude>
    <ClInclude Include="code\engine\system\CameraClass.hpp">
      <Filter>Engine\System</Filter>
    </ClInclude>
    <ClInclude Include="code\engine\system\FileTracker.hpp">
      <Filter>Engine\System</Filter>
    </ClInclude>
    <ClInclude Include="code\aMazingScene.hpp" />
    <ClInclude Include="code\engine\system\FrustumClass.hpp">
      <Filter>Engine\System</Filter>
    </ClInclude>
    <ClInclude Include="code\engine\system\VertexShaderClass.hpp">
      <Filter>Engine\System</Filter>
    </ClInclude>
    <ClInclude Include="code\engine\system\WindowClass.hpp">
      <Filter>Engine\System</Filter>
    </ClInclude>
    <ClInclude Include="code\engine\system\InputClass.hpp">
      <Filter>Engine\System</Filter>
    </ClInclude>
    <ClInclude Include="code\engine\system\D3DClass.hpp">
      <Filter>Engine\System</Filter>
    </ClInclude>
    <ClInclude Include="code\engine\system\BasicObject.hpp">
      <Filter>Engine\System</Filter>
    </ClInclude>
    <ClInclude Include="code\engine\system\AmbientLight.hpp">
      <Filter>Engine\System</Filter>
    </ClInclude>
    <ClInclude Include="code\engine\system\FrameBuffer.hpp">
      <Filter>Engine\System</Filter>
    </ClInclude>
    <ClInclude Include="code\WrappedCamera.hpp" />
    <ClInclude Include="code\MazeGenerator.hpp" />
    <ClInclude Include="code\Maze.hpp" />
  </ItemGroup>
  <ItemGroup>
    <ClCompile Include="code\collision\CollisionIntersection.cpp">
      <Filter>Collision</Filter>
    </ClCompile>
    <ClCompile Include="code\common\CommonFunction.cpp">
      <Filter>Common</Filter>
    </ClCompile>
    <ClCompile Include="code\engine\animate\ModelClass.cpp">
      <Filter>Engine\Animate</Filter>
    </ClCompile>
    <ClCompile Include="code\engine\system\AmbientLight.cpp">
      <Filter>Engine\System</Filter>
    </ClCompile>
    <ClCompile Include="code\engine\system\BasicObject.cpp">
      <Filter>Engine\System</Filter>
    </ClCompile>
    <ClCompile Include="code\engine\system\CameraClass.cpp">
      <Filter>Engine\System</Filter>
    </ClCompile>
    <ClCompile Include="code\engine\system\D3DClass.cpp">
      <Filter>Engine\System</Filter>
    </ClCompile>
    <ClCompile Include="code\engine\system\FileTracker.cpp">
      <Filter>Engine\System</Filter>
    </ClCompile>
    <ClCompile Include="code\engine\system\FrameBuffer.cpp">
      <Filter>Engine\System</Filter>
    </ClCompile>
    <ClCompile Include="code\engine\system\FrustumClass.cpp">
      <Filter>Engine\System</Filter>
    </ClCompile>
    <ClCompile Include="code\engine\system\InputClass.cpp">
      <Filter>Engine\System</Filter>
    </ClCompile>
    <ClCompile Include="code\engine\system\LineClass.cpp">
      <Filter>Engine\System</Filter>
    </ClCompile>
    <ClCompile Include="code\engine\system\MutableString.cpp">
      <Filter>Engine\System</Filter>
    </ClCompile>
    <ClCompile Include="code\engine\system\ParticleClass.cpp">
      <Filter>Engine\System</Filter>
    </ClCompile>
    <ClCompile Include="code\engine\system\PixelShaderClass.cpp">
      <Filter>Engine\System</Filter>
    </ClCompile>
    <ClCompile Include="code\engine\system\PrimitivePipeline.cpp">
      <Filter>Engine\System</Filter>
    </ClCompile>
    <ClCompile Include="code\engine\system\RectangleClass.cpp">
      <Filter>Engine\System</Filter>
    </ClCompile>
    <ClCompile Include="code\engine\system\ShaderClass.cpp">
      <Filter>Engine\System</Filter>
    </ClCompile>
    <ClCompile Include="code\engine\system\ShaderCompilerClass.cpp">
      <Filter>Engine\System</Filter>
    </ClCompile>
    <ClCompile Include="code\engine\system\ShaderManager.cpp">
      <Filter>Engine\System</Filter>
    </ClCompile>
    <ClCompile Include="code\engine\system\ShaderPair.cpp">
      <Filter>Engine\System</Filter>
    </ClCompile>
    <ClCompile Include="code\engine\system\SoundClass.cpp">
      <Filter>Engine\System</Filter>
    </ClCompile>
    <ClCompile Include="code\engine\system\TextureClass.cpp">
      <Filter>Engine\System</Filter>
    </ClCompile>
    <ClCompile Include="code\engine\system\TextureManager.cpp">
      <Filter>Engine\System</Filter>
    </ClCompile>
    <ClCompile Include="code\engine\system\TimeService.cpp">
      <Filter>Engine\System</Filter>
    </ClCompile>
    <ClCompile Include="code\engine\system\VertexShaderClass.cpp">
      <Filter>Engine\System</Filter>
    </ClCompile>
    <ClCompile Include="code\engine\system\WindowClass.cpp">
      <Filter>Engine\System</Filter>
    </ClCompile>
    <ClCompile Include="code\aMazing.cpp" />
    <ClCompile Include="code\aMazingScene.cpp" />
    <ClCompile Include="code\Maze.cpp" />
    <ClCompile Include="code\MazeGenerator.cpp" />
    <ClCompile Include="code\WrappedCamera.cpp" />
  </ItemGroup>
  <ItemGroup>
    <CLInclude Include="resource.h">
      <Filter>Resource Files</Filter>
    </CLInclude>
    <ResourceCompile Include="aMazing.rc">
      <Filter>Resource Files</Filter>
    </ResourceCompile>
  </ItemGroup>
  <ItemGroup>
    <None Include="Shader\vblur\vblur.fx">
      <Filter>Shaders</Filter>
    </None>
    <None Include="Shader\DepthField\DepthFieldMerge.fx">
      <Filter>Shaders</Filter>
    </None>
    <None Include="Shader\depthMap\depthMap.fx">
      <Filter>Shaders</Filter>
    </None>
    <None Include="Shader\Glow\GlowMerge.fx">
      <Filter>Shaders</Filter>
    </None>
    <None Include="Shader\hblur\hblur.fx">
      <Filter>Shaders</Filter>
    </None>
    <None Include="Shader\HighLight\HighLight.fx">
      <Filter>Shaders</Filter>
    </None>
    <None Include="Shader\depthMap\lightDepthMap.fx">
      <Filter>Shaders</Filter>
    </None>
    <None Include="Shader\wires\line.fx">
      <Filter>Shaders</Filter>
    </None>
    <None Include="Shader\texture\ProjectionTex.fx">
      <Filter>Shaders</Filter>
    </None>
    <None Include="Shader\ShadowMap\shadowMap.fx">
      <Filter>Shaders</Filter>
    </None>
    <None Include="Shader\Basic2D.fx">
      <Filter>Shaders</Filter>
    </None>
    <None Include="Shader\Basic3D.fx">
      <Filter>Shaders</Filter>
    </None>
    <None Include="Shader\skinAnim\skinAnim.fx">
      <Filter>Shaders</Filter>
    </None>
    <None Include="code\engine\material\BRIEF">
      <Filter>Engine\material</Filter>
    </None>
    <None Include="code\engine\render\BRIEF">
      <Filter>Engine\render</Filter>
    </None>
  </ItemGroup>
</Project>