<?xml version="1.0" encoding="utf-8"?>
<Project ToolsVersion="4.0" xmlns:atg="http://atg.xbox.com" xmlns="http://schemas.microsoft.com/developer/msbuild/2003">
  <ItemGroup>
    <Filter Include="Resource Files">
      <UniqueIdentifier>{8e114980-c1a3-4ada-ad7c-83caadf5daeb}</UniqueIdentifier>
      <Extensions>rc;ico;cur;bmp;dlg;rc2;rct;bin;rgs;gif;jpg;jpeg;jpe</Extensions>
    </Filter>
    <Filter Include="Shaders">
      <UniqueIdentifier>{2c3d4c8c-5d1a-459a-a05a-a4e4b608a44e}</UniqueIdentifier>
      <Extensions>fx;fxh;hlsl</Extensions>
    </Filter>
    <Filter Include="Engine">
      <UniqueIdentifier>{6b07255d-da1f-45f5-8907-b4459e3cce8f}</UniqueIdentifier>
    </Filter>
    <Filter Include="Game">
      <UniqueIdentifier>{dff44885-2818-4836-86e7-81ffe69e24f8}</UniqueIdentifier>
    </Filter>
    <Filter Include="Engine\Effect">
      <UniqueIdentifier>{1562911d-bb92-4f4d-8299-dfa0418f224f}</UniqueIdentifier>
    </Filter>
    <Filter Include="Engine\System">
      <UniqueIdentifier>{7edd9bc4-69ba-4cbf-ad47-f5d5b9826564}</UniqueIdentifier>
    </Filter>
    <Filter Include="Engine\math">
      <UniqueIdentifier>{05c0262d-4670-4af3-bc34-97412fbc1f4d}</UniqueIdentifier>
    </Filter>
    <Filter Include="Engine\Animate">
      <UniqueIdentifier>{063db111-3662-41f2-83dd-5e8418452b92}</UniqueIdentifier>
    </Filter>
    <Filter Include="Collision">
      <UniqueIdentifier>{b28aaaf4-f87f-4a25-904b-cfd4f57cb56e}</UniqueIdentifier>
    </Filter>
    <Filter Include="Collision\ShapeCategory">
      <UniqueIdentifier>{0330ea63-0aa7-4b5b-98e0-2ff1b5149fa7}</UniqueIdentifier>
    </Filter>
    <Filter Include="Common">
      <UniqueIdentifier>{ce9261df-d94a-4e68-83f4-94c52852c824}</UniqueIdentifier>
    </Filter>
    <Filter Include="Engine\Data">
      <UniqueIdentifier>{44962ac5-fdfe-4245-bf6d-b6ce734a2c7e}</UniqueIdentifier>
    </Filter>
  </ItemGroup>
  <ItemGroup>
    <ClInclude Include="MazeGenerator.h" />
    <ClInclude Include="Maze.h" />
    <ClInclude Include="BasicObject.h">
      <Filter>Engine\System</Filter>
    </ClInclude>
    <ClInclude Include="CameraClass.h">
      <Filter>Engine\System</Filter>
    </ClInclude>
    <ClInclude Include="D3DClass.h">
      <Filter>Engine\System</Filter>
    </ClInclude>
    <ClInclude Include="Defines.hpp">
      <Filter>Engine\System</Filter>
    </ClInclude>
    <ClInclude Include="exceptions.h">
      <Filter>Engine\System</Filter>
    </ClInclude>
    <ClInclude Include="FileTracker.h">
      <Filter>Engine\System</Filter>
    </ClInclude>
    <ClInclude Include="FrameBuffer.h">
      <Filter>Engine\System</Filter>
    </ClInclude>
    <ClInclude Include="GPUConstantBuffer.hpp">
      <Filter>Engine\System</Filter>
    </ClInclude>
    <ClInclude Include="GPUMutableVerticesBuffer.hpp">
      <Filter>Engine\System</Filter>
    </ClInclude>
    <ClInclude Include="GPUVerticesBuffer.hpp">
      <Filter>Engine\System</Filter>
    </ClInclude>
    <ClInclude Include="InputClass.h">
      <Filter>Engine\System</Filter>
    </ClInclude>
    <ClInclude Include="InstanceObj.hpp">
      <Filter>Engine\System</Filter>
    </ClInclude>
    <ClInclude Include="MutableString.h">
      <Filter>Engine\System</Filter>
    </ClInclude>
    <ClInclude Include="PixelShaderClass.h">
      <Filter>Engine\System</Filter>
    </ClInclude>
    <ClInclude Include="RectangleClass.h">
      <Filter>Engine\System</Filter>
    </ClInclude>
    <ClInclude Include="ShaderClass.h">
      <Filter>Engine\System</Filter>
    </ClInclude>
    <ClInclude Include="ShaderCompilerClass.h">
      <Filter>Engine\System</Filter>
    </ClInclude>
    <ClInclude Include="ShaderManager.h">
      <Filter>Engine\System</Filter>
    </ClInclude>
    <ClInclude Include="ShaderPair.h">
      <Filter>Engine\System</Filter>
    </ClInclude>
    <ClInclude Include="TextureClass.h">
      <Filter>Engine\System</Filter>
    </ClInclude>
    <ClInclude Include="TextureManager.h">
      <Filter>Engine\System</Filter>
    </ClInclude>
    <ClInclude Include="VertexShaderClass.h">
      <Filter>Engine\System</Filter>
    </ClInclude>
    <ClInclude Include="WindowClass.h">
      <Filter>Engine\System</Filter>
    </ClInclude>
    <ClInclude Include="EffectClass.h">
      <Filter>Engine\Effect</Filter>
    </ClInclude>
    <ClInclude Include="HorizontalBlur.hpp">
      <Filter>Engine\Effect</Filter>
    </ClInclude>
    <ClInclude Include="VerticalBlur.hpp">
      <Filter>Engine\Effect</Filter>
    </ClInclude>
    <ClInclude Include="VHBlurClass.hpp">
      <Filter>Engine\Effect</Filter>
    </ClInclude>
    <ClInclude Include="PrimitivePipeline.h">
      <Filter>Engine\System</Filter>
    </ClInclude>
    <ClInclude Include="math3D.hpp">
      <Filter>Engine\math</Filter>
    </ClInclude>
    <ClInclude Include="DepthMap.hpp">
      <Filter>Engine\Effect</Filter>
    </ClInclude>
    <ClInclude Include="ScopeGuard.hpp">
      <Filter>Engine\System</Filter>
    </ClInclude>
    <ClInclude Include="ProjectTexture.hpp">
      <Filter>Engine\Effect</Filter>
    </ClInclude>
    <ClInclude Include="ShadowMap.hpp">
      <Filter>Engine\Effect</Filter>
    </ClInclude>
    <ClInclude Include="AmbientLight.h">
      <Filter>Engine\System</Filter>
    </ClInclude>
    <ClInclude Include="FrustumClass.h">
      <Filter>Engine\System</Filter>
    </ClInclude>
    <ClInclude Include="GlowEffect.hpp">
      <Filter>Engine\Effect</Filter>
    </ClInclude>
    <ClInclude Include="HighlightExtractor.hpp">
      <Filter>Engine\Effect</Filter>
    </ClInclude>
    <ClInclude Include="DepthField.hpp">
      <Filter>Engine\Effect</Filter>
    </ClInclude>
    <ClInclude Include="aMazingScene.h" />
    <ClInclude Include="SoundClass.h">
      <Filter>Engine\System</Filter>
    </ClInclude>
    <ClInclude Include="BlockClass.h">
      <Filter>Engine\System</Filter>
    </ClInclude>
    <ClInclude Include="LineClass.h">
      <Filter>Engine\System</Filter>
    </ClInclude>
    <ClInclude Include="DayNightClass.hpp" />
    <ClInclude Include="ParticleClass.h" />
    <ClInclude Include="CollisionCircle.hpp">
      <Filter>Collision\ShapeCategory</Filter>
    </ClInclude>
    <ClInclude Include="CollisionRectangle.hpp">
      <Filter>Collision\ShapeCategory</Filter>
    </ClInclude>
    <ClInclude Include="CollisionLine.hpp">
      <Filter>Collision\ShapeCategory</Filter>
    </ClInclude>
    <ClInclude Include="CollisionTriangle.hpp">
      <Filter>Collision\ShapeCategory</Filter>
    </ClInclude>
    <ClInclude Include="CollisionPolygon.h">
      <Filter>Collision\ShapeCategory</Filter>
    </ClInclude>
    <ClInclude Include="CollisionShape.hpp">
      <Filter>Collision</Filter>
    </ClInclude>
    <ClInclude Include="CollisionIntersection.h">
      <Filter>Collision</Filter>
    </ClInclude>
    <ClInclude Include="WrappedCamera.h" />
    <ClInclude Include="CommonUtil.h">
      <Filter>Common</Filter>
    </ClInclude>
    <ClInclude Include="CollisionWorld.hpp">
      <Filter>Collision</Filter>
    </ClInclude>
    <ClInclude Include="BoneClass.hpp" />
    <ClInclude Include="TgaLoader.hpp">
      <Filter>Engine\Data</Filter>
    </ClInclude>
    <ClInclude Include="TgaData.hpp">
      <Filter>Engine\Data</Filter>
    </ClInclude>
    <ClInclude Include="ModelClass.h">
      <Filter>Engine\Animate</Filter>
    </ClInclude>
    <ClInclude Include="CommonTemplates.hpp">
      <Filter>Common</Filter>
    </ClInclude>
    <ClInclude Include="FogClass.h" />
    <ClInclude Include="vertex.hpp">
      <Filter>Engine\Data</Filter>
    </ClInclude>
    <ClInclude Include="BonesBindData.hpp">
      <Filter>Engine\Data</Filter>
    </ClInclude>
    <ClInclude Include="CommonDef.hpp">
      <Filter>Common</Filter>
    </ClInclude>
  </ItemGroup>
  <ItemGroup>
    <ClCompile Include="aMazing.cpp" />
    <ClCompile Include="MazeGenerator.cpp" />
    <ClCompile Include="Maze.cpp" />
    <ClCompile Include="BasicObject.cpp">
      <Filter>Engine\System</Filter>
    </ClCompile>
    <ClCompile Include="CameraClass.cpp">
      <Filter>Engine\System</Filter>
    </ClCompile>
    <ClCompile Include="D3DClass.cpp">
      <Filter>Engine\System</Filter>
    </ClCompile>
    <ClCompile Include="exceptions.cpp">
      <Filter>Engine\System</Filter>
    </ClCompile>
    <ClCompile Include="FileTracker.cpp">
      <Filter>Engine\System</Filter>
    </ClCompile>
    <ClCompile Include="FrameBuffer.cpp">
      <Filter>Engine\System</Filter>
    </ClCompile>
    <ClCompile Include="InputClass.cpp">
      <Filter>Engine\System</Filter>
    </ClCompile>
    <ClCompile Include="MutableString.cpp">
      <Filter>Engine\System</Filter>
    </ClCompile>
    <ClCompile Include="PixelShaderClass.cpp">
      <Filter>Engine\System</Filter>
    </ClCompile>
    <ClCompile Include="RectangleClass.cpp">
      <Filter>Engine\System</Filter>
    </ClCompile>
    <ClCompile Include="ShaderClass.cpp">
      <Filter>Engine\System</Filter>
    </ClCompile>
    <ClCompile Include="ShaderCompilerClass.cpp">
      <Filter>Engine\System</Filter>
    </ClCompile>
    <ClCompile Include="ShaderManager.cpp">
      <Filter>Engine\System</Filter>
    </ClCompile>
    <ClCompile Include="ShaderPair.cpp">
      <Filter>Engine\System</Filter>
    </ClCompile>
    <ClCompile Include="TextureClass.cpp">
      <Filter>Engine\System</Filter>
    </ClCompile>
    <ClCompile Include="TextureManager.cpp">
      <Filter>Engine\System</Filter>
    </ClCompile>
    <ClCompile Include="VertexShaderClass.cpp">
      <Filter>Engine\System</Filter>
    </ClCompile>
    <ClCompile Include="WindowClass.cpp">
      <Filter>Engine\System</Filter>
    </ClCompile>
    <ClCompile Include="EffectClass.cpp">
      <Filter>Engine\Effect</Filter>
    </ClCompile>
    <ClCompile Include="PrimitivePipeline.cpp">
      <Filter>Engine\System</Filter>
    </ClCompile>
    <ClCompile Include="FunctionType.hpp">
      <Filter>Engine\System</Filter>
    </ClCompile>
    <ClCompile Include="AmbientLight.cpp">
      <Filter>Engine\System</Filter>
    </ClCompile>
    <ClCompile Include="FrustumClass.cpp">
      <Filter>Engine\System</Filter>
    </ClCompile>
    <ClCompile Include="aMazingScene.cpp" />
    <ClCompile Include="SoundClass.cpp">
      <Filter>Engine\System</Filter>
    </ClCompile>
    <ClCompile Include="BlockClass.cpp">
      <Filter>Engine\System</Filter>
    </ClCompile>
    <ClCompile Include="LineClass.cpp">
      <Filter>Engine\System</Filter>
    </ClCompile>
    <ClCompile Include="ParticleClass.cpp" />
    <ClCompile Include="CollisionIntersection.cpp">
      <Filter>Collision\ShapeCategory</Filter>
    </ClCompile>
    <ClCompile Include="WrappedCamera.cpp" />
    <ClCompile Include="CommonUtil.cpp">
      <Filter>Common</Filter>
    </ClCompile>
    <ClCompile Include="TgaLoader.cpp">
      <Filter>Engine\Data</Filter>
    </ClCompile>
    <ClCompile Include="ModelClass.cpp">
      <Filter>Engine\Animate</Filter>
    </ClCompile>
    <ClCompile Include="FogClass.cpp" />
  </ItemGroup>
  <ItemGroup>
    <CLInclude Include="resource.h">
      <Filter>Resource Files</Filter>
    </CLInclude>
    <ResourceCompile Include="aMazing.rc">
      <Filter>Resource Files</Filter>
    </ResourceCompile>
  </ItemGroup>
  <ItemGroup>
    <None Include="Shader\vblur\vblur.fx">
      <Filter>Shaders</Filter>
    </None>
    <None Include="Shader\DepthField\DepthFieldMerge.fx">
      <Filter>Shaders</Filter>
    </None>
    <None Include="Shader\depthMap\depthMap.fx">
      <Filter>Shaders</Filter>
    </None>
    <None Include="Shader\Glow\GlowMerge.fx">
      <Filter>Shaders</Filter>
    </None>
    <None Include="Shader\hblur\hblur.fx">
      <Filter>Shaders</Filter>
    </None>
    <None Include="Shader\HighLight\HighLight.fx">
      <Filter>Shaders</Filter>
    </None>
    <None Include="Shader\depthMap\lightDepthMap.fx">
      <Filter>Shaders</Filter>
    </None>
    <None Include="Shader\wires\line.fx">
      <Filter>Shaders</Filter>
    </None>
    <None Include="Shader\texture\ProjectionTex.fx">
      <Filter>Shaders</Filter>
    </None>
    <None Include="Shader\ShadowMap\shadowMap.fx">
      <Filter>Shaders</Filter>
    </None>
    <None Include="Shader\Basic2D.fx">
      <Filter>Shaders</Filter>
    </None>
    <None Include="Shader\Basic3D.fx">
      <Filter>Shaders</Filter>
    </None>
    <None Include="Shader\skinAnim\skinAnim.fx">
      <Filter>Shaders</Filter>
    </None>
  </ItemGroup>
</Project>